
Microsoft Visual Studio Solution File, Format Version 12.00
# Visual Studio Version 17
VisualStudioVersion = 17.7.34024.191
MinimumVisualStudioVersion = 10.0.40219.1
Project("{FAE04EC0-301F-11D3-BF4B-00C04F79EFBC}") = "Hayvanat Bahcesi Yonetimi", "Hayvanat Bahcesi Yonetimi\Hayvanat Bahcesi Yonetimi.csproj", "{DB789015-2F95-46DD-89D2-7DDE2C81CF9D}"
EndProject
Global
	GlobalSection(SolutionConfigurationPlatforms) = preSolution
		Debug|Any CPU = Debug|Any CPU
		Release|Any CPU = Release|Any CPU
	EndGlobalSection
	GlobalSection(ProjectConfigurationPlatforms) = postSolution
		{DB789015-2F95-46DD-89D2-7DDE2C81CF9D}.Debug|Any CPU.ActiveCfg = Debug|Any CPU
		{DB789015-2F95-46DD-89D2-7DDE2C81CF9D}.Debug|Any CPU.Build.0 = Debug|Any CPU
		{DB789015-2F95-46DD-89D2-7DDE2C81CF9D}.Release|Any CPU.ActiveCfg = Release|Any CPU
		{DB789015-2F95-46DD-89D2-7DDE2C81CF9D}.Release|Any CPU.Build.0 = Release|Any CPU
	EndGlobalSection
	GlobalSection(SolutionProperties) = preSolution
		HideSolutionNode = FALSE
	EndGlobalSection
	GlobalSection(ExtensibilityGlobals) = postSolution
		SolutionGuid = {EE26F49B-EEC6-4BAA-B1C5-8DA44BF79B65}
	EndGlobalSection
EndGlobal
